
Microsoft Visual Studio Solution File, Format Version 12.00
# Visual Studio Version 17
VisualStudioVersion = 17.9.34902.65
MinimumVisualStudioVersion = 10.0.40219.1
Project("{FAE04EC0-301F-11D3-BF4B-00C04F79EFBC}") = "WebApplication1", "WebApplication1\WebApplication1.csproj", "{33F4A053-958D-4857-BAA2-4B0923F456CC}"
EndProject
Global
	GlobalSection(SolutionConfigurationPlatforms) = preSolution
		Debug|Any CPU = Debug|Any CPU
		Release|Any CPU = Release|Any CPU
	EndGlobalSection
	GlobalSection(ProjectConfigurationPlatforms) = postSolution
		{33F4A053-958D-4857-BAA2-4B0923F456CC}.Debug|Any CPU.ActiveCfg = Debug|Any CPU
		{33F4A053-958D-4857-BAA2-4B0923F456CC}.Debug|Any CPU.Build.0 = Debug|Any CPU
		{33F4A053-958D-4857-BAA2-4B0923F456CC}.Release|Any CPU.ActiveCfg = Release|Any CPU
		{33F4A053-958D-4857-BAA2-4B0923F456CC}.Release|Any CPU.Build.0 = Release|Any CPU
	EndGlobalSection
	GlobalSection(SolutionProperties) = preSolution
		HideSolutionNode = FALSE
	EndGlobalSection
	GlobalSection(ExtensibilityGlobals) = postSolution
		SolutionGuid = {89A962EB-B26C-4717-AE8B-D04E4712CD3E}
	EndGlobalSection
EndGlobal
